
Microsoft Visual Studio Solution File, Format Version 12.00
# Visual Studio 15
VisualStudioVersion = 15.0.26430.12
MinimumVisualStudioVersion = 15.0.26124.0
Project("{FAE04EC0-301F-11D3-BF4B-00C04F79EFBC}") = "Snappy.Sharp", "Snappy.Sharp\Snappy.Sharp.csproj", "{175B41D6-C66A-4ED9-BB31-3C398BDE5581}"
EndProject
Project("{FAE04EC0-301F-11D3-BF4B-00C04F79EFBC}") = "Snappy.Sharp.Test", "Snappy.Sharp.Test\Snappy.Sharp.Test.csproj", "{3750F910-0797-42A5-B2FF-C0354FF8AEEA}"
EndProject
Project("{FAE04EC0-301F-11D3-BF4B-00C04F79EFBC}") = "Snappy.Performance", "Snappy.Performance\Snappy.Performance.csproj", "{3F1DA381-949E-4F78-AE3D-5488E3ABBC9B}"
EndProject
Global
	GlobalSection(SolutionConfigurationPlatforms) = preSolution
		Debug|Any CPU = Debug|Any CPU
		Debug|x64 = Debug|x64
		Debug|x86 = Debug|x86
		Release|Any CPU = Release|Any CPU
		Release|x64 = Release|x64
		Release|x86 = Release|x86
	EndGlobalSection
	GlobalSection(ProjectConfigurationPlatforms) = postSolution
		{175B41D6-C66A-4ED9-BB31-3C398BDE5581}.Debug|Any CPU.ActiveCfg = Debug|Any CPU
		{175B41D6-C66A-4ED9-BB31-3C398BDE5581}.Debug|Any CPU.Build.0 = Debug|Any CPU
		{175B41D6-C66A-4ED9-BB31-3C398BDE5581}.Debug|x64.ActiveCfg = Debug|Any CPU
		{175B41D6-C66A-4ED9-BB31-3C398BDE5581}.Debug|x64.Build.0 = Debug|Any CPU
		{175B41D6-C66A-4ED9-BB31-3C398BDE5581}.Debug|x86.ActiveCfg = Debug|Any CPU
		{175B41D6-C66A-4ED9-BB31-3C398BDE5581}.Debug|x86.Build.0 = Debug|Any CPU
		{175B41D6-C66A-4ED9-BB31-3C398BDE5581}.Release|Any CPU.ActiveCfg = Release|Any CPU
		{175B41D6-C66A-4ED9-BB31-3C398BDE5581}.Release|Any CPU.Build.0 = Release|Any CPU
		{175B41D6-C66A-4ED9-BB31-3C398BDE5581}.Release|x64.ActiveCfg = Release|Any CPU
		{175B41D6-C66A-4ED9-BB31-3C398BDE5581}.Release|x64.Build.0 = Release|Any CPU
		{175B41D6-C66A-4ED9-BB31-3C398BDE5581}.Release|x86.ActiveCfg = Release|Any CPU
		{175B41D6-C66A-4ED9-BB31-3C398BDE5581}.Release|x86.Build.0 = Release|Any CPU
		{3750F910-0797-42A5-B2FF-C0354FF8AEEA}.Debug|Any CPU.ActiveCfg = Debug|Any CPU
		{3750F910-0797-42A5-B2FF-C0354FF8AEEA}.Debug|Any CPU.Build.0 = Debug|Any CPU
		{3750F910-0797-42A5-B2FF-C0354FF8AEEA}.Debug|x64.ActiveCfg = Debug|Any CPU
		{3750F910-0797-42A5-B2FF-C0354FF8AEEA}.Debug|x64.Build.0 = Debug|Any CPU
		{3750F910-0797-42A5-B2FF-C0354FF8AEEA}.Debug|x86.ActiveCfg = Debug|Any CPU
		{3750F910-0797-42A5-B2FF-C0354FF8AEEA}.Debug|x86.Build.0 = Debug|Any CPU
		{3750F910-0797-42A5-B2FF-C0354FF8AEEA}.Release|Any CPU.ActiveCfg = Release|Any CPU
		{3750F910-0797-42A5-B2FF-C0354FF8AEEA}.Release|Any CPU.Build.0 = Release|Any CPU
		{3750F910-0797-42A5-B2FF-C0354FF8AEEA}.Release|x64.ActiveCfg = Release|Any CPU
		{3750F910-0797-42A5-B2FF-C0354FF8AEEA}.Release|x64.Build.0 = Release|Any CPU
		{3750F910-0797-42A5-B2FF-C0354FF8AEEA}.Release|x86.ActiveCfg = Release|Any CPU
		{3750F910-0797-42A5-B2FF-C0354FF8AEEA}.Release|x86.Build.0 = Release|Any CPU
		{3F1DA381-949E-4F78-AE3D-5488E3ABBC9B}.Debug|Any CPU.ActiveCfg = Debug|Any CPU
		{3F1DA381-949E-4F78-AE3D-5488E3ABBC9B}.Debug|Any CPU.Build.0 = Debug|Any CPU
		{3F1DA381-949E-4F78-AE3D-5488E3ABBC9B}.Debug|x64.ActiveCfg = Debug|Any CPU
		{3F1DA381-949E-4F78-AE3D-5488E3ABBC9B}.Debug|x64.Build.0 = Debug|Any CPU
		{3F1DA381-949E-4F78-AE3D-5488E3ABBC9B}.Debug|x86.ActiveCfg = Debug|Any CPU
		{3F1DA381-949E-4F78-AE3D-5488E3ABBC9B}.Debug|x86.Build.0 = Debug|Any CPU
		{3F1DA381-949E-4F78-AE3D-5488E3ABBC9B}.Release|Any CPU.ActiveCfg = Release|Any CPU
		{3F1DA381-949E-4F78-AE3D-5488E3ABBC9B}.Release|Any CPU.Build.0 = Release|Any CPU
		{3F1DA381-949E-4F78-AE3D-5488E3ABBC9B}.Release|x64.ActiveCfg = Release|Any CPU
		{3F1DA381-949E-4F78-AE3D-5488E3ABBC9B}.Release|x64.Build.0 = Release|Any CPU
		{3F1DA381-949E-4F78-AE3D-5488E3ABBC9B}.Release|x86.ActiveCfg = Release|Any CPU
		{3F1DA381-949E-4F78-AE3D-5488E3ABBC9B}.Release|x86.Build.0 = Release|Any CPU
	EndGlobalSection
	GlobalSection(SolutionProperties) = preSolution
		HideSolutionNode = FALSE
	EndGlobalSection
EndGlobal
